
Microsoft Visual Studio Solution File, Format Version 12.00
# Visual Studio 15
VisualStudioVersion = 15.0.27703.2042
MinimumVisualStudioVersion = 10.0.40219.1
Project("{FAE04EC0-301F-11D3-BF4B-00C04F79EFBC}") = "TrackingServer", "TrackingServer\TrackingServer.csproj", "{D8A2B732-F099-4D76-92B7-85FF539D50CC}"
EndProject
Project("{FAE04EC0-301F-11D3-BF4B-00C04F79EFBC}") = "TrackingServerTests", "TrackingServerTests\TrackingServerTests.csproj", "{86F9D791-F1CC-4F86-922B-EA4DC401CDF9}"
EndProject
Global
	GlobalSection(SolutionConfigurationPlatforms) = preSolution
		Debug|Any CPU = Debug|Any CPU
		Release|Any CPU = Release|Any CPU
	EndGlobalSection
	GlobalSection(ProjectConfigurationPlatforms) = postSolution
		{D8A2B732-F099-4D76-92B7-85FF539D50CC}.Debug|Any CPU.ActiveCfg = Debug|Any CPU
		{D8A2B732-F099-4D76-92B7-85FF539D50CC}.Debug|Any CPU.Build.0 = Debug|Any CPU
		{D8A2B732-F099-4D76-92B7-85FF539D50CC}.Release|Any CPU.ActiveCfg = Release|Any CPU
		{D8A2B732-F099-4D76-92B7-85FF539D50CC}.Release|Any CPU.Build.0 = Release|Any CPU
		{86F9D791-F1CC-4F86-922B-EA4DC401CDF9}.Debug|Any CPU.ActiveCfg = Debug|Any CPU
		{86F9D791-F1CC-4F86-922B-EA4DC401CDF9}.Debug|Any CPU.Build.0 = Debug|Any CPU
		{86F9D791-F1CC-4F86-922B-EA4DC401CDF9}.Release|Any CPU.ActiveCfg = Release|Any CPU
		{86F9D791-F1CC-4F86-922B-EA4DC401CDF9}.Release|Any CPU.Build.0 = Release|Any CPU
	EndGlobalSection
	GlobalSection(SolutionProperties) = preSolution
		HideSolutionNode = FALSE
	EndGlobalSection
	GlobalSection(ExtensibilityGlobals) = postSolution
		SolutionGuid = {6B261545-9387-4FC9-8EAD-F5EA3E24FD62}
	EndGlobalSection
EndGlobal
